
Microsoft Visual Studio Solution File, Format Version 12.00
# Visual Studio Version 17
VisualStudioVersion = 17.9.34622.214
MinimumVisualStudioVersion = 10.0.40219.1
Project("{9A19103F-16F7-4668-BE54-9A1E7A4F7556}") = "aalto_productaggregator", "aalto_productaggregator.csproj", "{7EDE1F7C-A6EB-4E8C-B2D6-6CCFE38E260D}"
EndProject
Project("{FAE04EC0-301F-11D3-BF4B-00C04F79EFBC}") = "xUnit_productaggregator", "..\xUnit_productaggregator\xUnit_productaggregator.csproj", "{4CE4B017-44BE-4EE7-AAF4-B85D80915047}"
EndProject
Global
	GlobalSection(SolutionConfigurationPlatforms) = preSolution
		Debug|Any CPU = Debug|Any CPU
		Release|Any CPU = Release|Any CPU
	EndGlobalSection
	GlobalSection(ProjectConfigurationPlatforms) = postSolution
		{7EDE1F7C-A6EB-4E8C-B2D6-6CCFE38E260D}.Debug|Any CPU.ActiveCfg = Debug|Any CPU
		{7EDE1F7C-A6EB-4E8C-B2D6-6CCFE38E260D}.Debug|Any CPU.Build.0 = Debug|Any CPU
		{7EDE1F7C-A6EB-4E8C-B2D6-6CCFE38E260D}.Release|Any CPU.ActiveCfg = Release|Any CPU
		{7EDE1F7C-A6EB-4E8C-B2D6-6CCFE38E260D}.Release|Any CPU.Build.0 = Release|Any CPU
		{4CE4B017-44BE-4EE7-AAF4-B85D80915047}.Debug|Any CPU.ActiveCfg = Debug|Any CPU
		{4CE4B017-44BE-4EE7-AAF4-B85D80915047}.Debug|Any CPU.Build.0 = Debug|Any CPU
		{4CE4B017-44BE-4EE7-AAF4-B85D80915047}.Release|Any CPU.ActiveCfg = Release|Any CPU
		{4CE4B017-44BE-4EE7-AAF4-B85D80915047}.Release|Any CPU.Build.0 = Release|Any CPU
	EndGlobalSection
	GlobalSection(SolutionProperties) = preSolution
		HideSolutionNode = FALSE
	EndGlobalSection
	GlobalSection(ExtensibilityGlobals) = postSolution
		SolutionGuid = {107BFF42-20D1-41E4-9414-DA918DB08E41}
	EndGlobalSection
EndGlobal
